// !$*UTF8*$!
{
	archiveVersion = 1;
	classes = {
	};
	objectVersion = 50;
	objects = {

/* Begin PBXBuildFile section */
		6315157928916697005C6103 /* TextFields.swift in Sources */ = {isa = PBXBuildFile; fileRef = 6315157828916697005C6103 /* TextFields.swift */; };
		6315157C28916AFE005C6103 /* Dividers.swift in Sources */ = {isa = PBXBuildFile; fileRef = 6315157B28916AFE005C6103 /* Dividers.swift */; };
		631515802891702E005C6103 /* VstackHstack.swift in Sources */ = {isa = PBXBuildFile; fileRef = 6315157F2891702E005C6103 /* VstackHstack.swift */; };
		6315158428919A43005C6103 /* ZstackPadding.swift in Sources */ = {isa = PBXBuildFile; fileRef = 6315158328919A43005C6103 /* ZstackPadding.swift */; };
		631515872891B242005C6103 /* TabViews.swift in Sources */ = {isa = PBXBuildFile; fileRef = 631515862891B242005C6103 /* TabViews.swift */; };
		6315158A2891C89B005C6103 /* Navigations.swift in Sources */ = {isa = PBXBuildFile; fileRef = 631515892891C89B005C6103 /* Navigations.swift */; };
		6339674B289037CF000B739F /* app_oneApp.swift in Sources */ = {isa = PBXBuildFile; fileRef = 6339674A289037CF000B739F /* app_oneApp.swift */; };
		6339674D289037CF000B739F /* ContentView.swift in Sources */ = {isa = PBXBuildFile; fileRef = 6339674C289037CF000B739F /* ContentView.swift */; };
		6339674F289037D1000B739F /* Assets.xcassets in Resources */ = {isa = PBXBuildFile; fileRef = 6339674E289037D1000B739F /* Assets.xcassets */; };
		63396752289037D1000B739F /* Preview Assets.xcassets in Resources */ = {isa = PBXBuildFile; fileRef = 63396751289037D1000B739F /* Preview Assets.xcassets */; };
		6355ABD82890861F004EAF14 /* TextMod.swift in Sources */ = {isa = PBXBuildFile; fileRef = 6355ABD72890861F004EAF14 /* TextMod.swift */; };
		6355ABDE289095D3004EAF14 /* Images.swift in Sources */ = {isa = PBXBuildFile; fileRef = 6355ABDD289095D3004EAF14 /* Images.swift */; };
		636F760428932EE3005E1AF3 /* Buttons.swift in Sources */ = {isa = PBXBuildFile; fileRef = 6355ABDA28908E6A004EAF14 /* Buttons.swift */; };
/* End PBXBuildFile section */

/* Begin PBXFileReference section */
		6315157828916697005C6103 /* TextFields.swift */ = {isa = PBXFileReference; lastKnownFileType = sourcecode.swift; path = TextFields.swift; sourceTree = "<group>"; };
		6315157B28916AFE005C6103 /* Dividers.swift */ = {isa = PBXFileReference; lastKnownFileType = sourcecode.swift; path = Dividers.swift; sourceTree = "<group>"; };
		6315157F2891702E005C6103 /* VstackHstack.swift */ = {isa = PBXFileReference; lastKnownFileType = sourcecode.swift; path = VstackHstack.swift; sourceTree = "<group>"; };
		6315158328919A43005C6103 /* ZstackPadding.swift */ = {isa = PBXFileReference; lastKnownFileType = sourcecode.swift; path = ZstackPadding.swift; sourceTree = "<group>"; };
		631515862891B242005C6103 /* TabViews.swift */ = {isa = PBXFileReference; lastKnownFileType = sourcecode.swift; path = TabViews.swift; sourceTree = "<group>"; };
		631515892891C89B005C6103 /* Navigations.swift */ = {isa = PBXFileReference; lastKnownFileType = sourcecode.swift; path = Navigations.swift; sourceTree = "<group>"; };
		63396747289037CF000B739F /* app-one.app */ = {isa = PBXFileReference; explicitFileType = wrapper.application; includeInIndex = 0; path = "app-one.app"; sourceTree = BUILT_PRODUCTS_DIR; };
		6339674A289037CF000B739F /* app_oneApp.swift */ = {isa = PBXFileReference; lastKnownFileType = sourcecode.swift; path = app_oneApp.swift; sourceTree = "<group>"; };
		6339674C289037CF000B739F /* ContentView.swift */ = {isa = PBXFileReference; lastKnownFileType = sourcecode.swift; path = ContentView.swift; sourceTree = "<group>"; };
		6339674E289037D1000B739F /* Assets.xcassets */ = {isa = PBXFileReference; lastKnownFileType = folder.assetcatalog; path = Assets.xcassets; sourceTree = "<group>"; };
		63396751289037D1000B739F /* Preview Assets.xcassets */ = {isa = PBXFileReference; lastKnownFileType = folder.assetcatalog; path = "Preview Assets.xcassets"; sourceTree = "<group>"; };
		63396753289037D1000B739F /* Info.plist */ = {isa = PBXFileReference; lastKnownFileType = text.plist.xml; path = Info.plist; sourceTree = "<group>"; };
		6355ABD72890861F004EAF14 /* TextMod.swift */ = {isa = PBXFileReference; lastKnownFileType = sourcecode.swift; path = TextMod.swift; sourceTree = "<group>"; };
		6355ABDA28908E6A004EAF14 /* Buttons.swift */ = {isa = PBXFileReference; lastKnownFileType = sourcecode.swift; path = Buttons.swift; sourceTree = "<group>"; };
		6355ABDD289095D3004EAF14 /* Images.swift */ = {isa = PBXFileReference; lastKnownFileType = sourcecode.swift; path = Images.swift; sourceTree = "<group>"; };
/* End PBXFileReference section */

/* Begin PBXFrameworksBuildPhase section */
		63396744289037CF000B739F /* Frameworks */ = {
			isa = PBXFrameworksBuildPhase;
			buildActionMask = 2147483647;
			files = (
			);
			runOnlyForDeploymentPostprocessing = 0;
		};
/* End PBXFrameworksBuildPhase section */

/* Begin PBXGroup section */
		6339673E289037CF000B739F = {
			isa = PBXGroup;
			children = (
				63396749289037CF000B739F /* app-one */,
				63396748289037CF000B739F /* Products */,
			);
			sourceTree = "<group>";
		};
		63396748289037CF000B739F /* Products */ = {
			isa = PBXGroup;
			children = (
				63396747289037CF000B739F /* app-one.app */,
			);
			name = Products;
			sourceTree = "<group>";
		};
		63396749289037CF000B739F /* app-one */ = {
			isa = PBXGroup;
			children = (
				6339674A289037CF000B739F /* app_oneApp.swift */,
				6339674C289037CF000B739F /* ContentView.swift */,
				6339674E289037D1000B739F /* Assets.xcassets */,
				63396753289037D1000B739F /* Info.plist */,
				63396750289037D1000B739F /* Preview Content */,
				6355ABD72890861F004EAF14 /* TextMod.swift */,
				6355ABDA28908E6A004EAF14 /* Buttons.swift */,
				6355ABDD289095D3004EAF14 /* Images.swift */,
				6315157828916697005C6103 /* TextFields.swift */,
				6315157B28916AFE005C6103 /* Dividers.swift */,
				6315157F2891702E005C6103 /* VstackHstack.swift */,
				6315158328919A43005C6103 /* ZstackPadding.swift */,
				631515862891B242005C6103 /* TabViews.swift */,
				631515892891C89B005C6103 /* Navigations.swift */,
			);
			path = "app-one";
			sourceTree = "<group>";
		};
		63396750289037D1000B739F /* Preview Content */ = {
			isa = PBXGroup;
			children = (
				63396751289037D1000B739F /* Preview Assets.xcassets */,
			);
			path = "Preview Content";
			sourceTree = "<group>";
		};
/* End PBXGroup section */

/* Begin PBXNativeTarget section */
		63396746289037CF000B739F /* app-one */ = {
			isa = PBXNativeTarget;
			buildConfigurationList = 63396756289037D1000B739F /* Build configuration list for PBXNativeTarget "app-one" */;
			buildPhases = (
				63396743289037CF000B739F /* Sources */,
				63396744289037CF000B739F /* Frameworks */,
				63396745289037CF000B739F /* Resources */,
			);
			buildRules = (
			);
			dependencies = (
			);
			name = "app-one";
			productName = "app-one";
			productReference = 63396747289037CF000B739F /* app-one.app */;
			productType = "com.apple.product-type.application";
		};
/* End PBXNativeTarget section */

/* Begin PBXProject section */
		6339673F289037CF000B739F /* Project object */ = {
			isa = PBXProject;
			attributes = {
				LastSwiftUpdateCheck = 1240;
				LastUpgradeCheck = 1240;
				TargetAttributes = {
					63396746289037CF000B739F = {
						CreatedOnToolsVersion = 12.4;
					};
				};
			};
			buildConfigurationList = 63396742289037CF000B739F /* Build configuration list for PBXProject "app-one" */;
			compatibilityVersion = "Xcode 9.3";
			developmentRegion = en;
			hasScannedForEncodings = 0;
			knownRegions = (
				en,
				Base,
			);
			mainGroup = 6339673E289037CF000B739F;
			productRefGroup = 63396748289037CF000B739F /* Products */;
			projectDirPath = "";
			projectRoot = "";
			targets = (
				63396746289037CF000B739F /* app-one */,
			);
		};
/* End PBXProject section */

/* Begin PBXResourcesBuildPhase section */
		63396745289037CF000B739F /* Resources */ = {
			isa = PBXResourcesBuildPhase;
			buildActionMask = 2147483647;
			files = (
				63396752289037D1000B739F /* Preview Assets.xcassets in Resources */,
				6339674F289037D1000B739F /* Assets.xcassets in Resources */,
			);
			runOnlyForDeploymentPostprocessing = 0;
		};
/* End PBXResourcesBuildPhase section */

/* Begin PBXSourcesBuildPhase section */
		63396743289037CF000B739F /* Sources */ = {
			isa = PBXSourcesBuildPhase;
			buildActionMask = 2147483647;
			files = (
				6339674D289037CF000B739F /* ContentView.swift in Sources */,
				6315157C28916AFE005C6103 /* Dividers.swift in Sources */,
				6339674B289037CF000B739F /* app_oneApp.swift in Sources */,
				636F760428932EE3005E1AF3 /* Buttons.swift in Sources */,
				6355ABDE289095D3004EAF14 /* Images.swift in Sources */,
				6355ABD82890861F004EAF14 /* TextMod.swift in Sources */,
				631515872891B242005C6103 /* TabViews.swift in Sources */,
				6315157928916697005C6103 /* TextFields.swift in Sources */,
				631515802891702E005C6103 /* VstackHstack.swift in Sources */,
				6315158A2891C89B005C6103 /* Navigations.swift in Sources */,
				6315158428919A43005C6103 /* ZstackPadding.swift in Sources */,
			);
			runOnlyForDeploymentPostprocessing = 0;
		};
/* End PBXSourcesBuildPhase section */

/* Begin XCBuildConfiguration section */
		63396754289037D1000B739F /* Debug */ = {
			isa = XCBuildConfiguration;
			buildSettings = {
				ALWAYS_SEARCH_USER_PATHS = NO;
				CLANG_ANALYZER_NONNULL = YES;
				CLANG_ANALYZER_NUMBER_OBJECT_CONVERSION = YES_AGGRESSIVE;
				CLANG_CXX_LANGUAGE_STANDARD = "gnu++14";
				CLANG_CXX_LIBRARY = "libc++";
				CLANG_ENABLE_MODULES = YES;
				CLANG_ENABLE_OBJC_ARC = YES;
				CLANG_ENABLE_OBJC_WEAK = YES;
				CLANG_WARN_BLOCK_CAPTURE_AUTORELEASING = YES;
				CLANG_WARN_BOOL_CONVERSION = YES;
				CLANG_WARN_COMMA = YES;
				CLANG_WARN_CONSTANT_CONVERSION = YES;
				CLANG_WARN_DEPRECATED_OBJC_IMPLEMENTATIONS = YES;
				CLANG_WARN_DIRECT_OBJC_ISA_USAGE = YES_ERROR;
				CLANG_WARN_DOCUMENTATION_COMMENTS = YES;
				CLANG_WARN_EMPTY_BODY = YES;
				CLANG_WARN_ENUM_CONVERSION = YES;
				CLANG_WARN_INFINITE_RECURSION = YES;
				CLANG_WARN_INT_CONVERSION = YES;
				CLANG_WARN_NON_LITERAL_NULL_CONVERSION = YES;
				CLANG_WARN_OBJC_IMPLICIT_RETAIN_SELF = YES;
				CLANG_WARN_OBJC_LITERAL_CONVERSION = YES;
				CLANG_WARN_OBJC_ROOT_CLASS = YES_ERROR;
				CLANG_WARN_QUOTED_INCLUDE_IN_FRAMEWORK_HEADER = YES;
				CLANG_WARN_RANGE_LOOP_ANALYSIS = YES;
				CLANG_WARN_STRICT_PROTOTYPES = YES;
				CLANG_WARN_SUSPICIOUS_MOVE = YES;
				CLANG_WARN_UNGUARDED_AVAILABILITY = YES_AGGRESSIVE;
				CLANG_WARN_UNREACHABLE_CODE = YES;
				CLANG_WARN__DUPLICATE_METHOD_MATCH = YES;
				COPY_PHASE_STRIP = NO;
				DEBUG_INFORMATION_FORMAT = dwarf;
				ENABLE_STRICT_OBJC_MSGSEND = YES;
				ENABLE_TESTABILITY = YES;
				GCC_C_LANGUAGE_STANDARD = gnu11;
				GCC_DYNAMIC_NO_PIC = NO;
				GCC_NO_COMMON_BLOCKS = YES;
				GCC_OPTIMIZATION_LEVEL = 0;
				GCC_PREPROCESSOR_DEFINITIONS = (
					"DEBUG=1",
					"$(inherited)",
				);
				GCC_WARN_64_TO_32_BIT_CONVERSION = YES;
				GCC_WARN_ABOUT_RETURN_TYPE = YES_ERROR;
				GCC_WARN_UNDECLARED_SELECTOR = YES;
				GCC_WARN_UNINITIALIZED_AUTOS = YES_AGGRESSIVE;
				GCC_WARN_UNUSED_FUNCTION = YES;
				GCC_WARN_UNUSED_VARIABLE = YES;
				IPHONEOS_DEPLOYMENT_TARGET = 14.4;
				MTL_ENABLE_DEBUG_INFO = INCLUDE_SOURCE;
				MTL_FAST_MATH = YES;
				ONLY_ACTIVE_ARCH = YES;
				SDKROOT = iphoneos;
				SWIFT_ACTIVE_COMPILATION_CONDITIONS = DEBUG;
				SWIFT_OPTIMIZATION_LEVEL = "-Onone";
			};
			name = Debug;
		};
		63396755289037D1000B739F /* Release */ = {
			isa = XCBuildConfiguration;
			buildSettings = {
				ALWAYS_SEARCH_USER_PATHS = NO;
				CLANG_ANALYZER_NONNULL = YES;
				CLANG_ANALYZER_NUMBER_OBJECT_CONVERSION = YES_AGGRESSIVE;
				CLANG_CXX_LANGUAGE_STANDARD = "gnu++14";
				CLANG_CXX_LIBRARY = "libc++";
				CLANG_ENABLE_MODULES = YES;
				CLANG_ENABLE_OBJC_ARC = YES;
				CLANG_ENABLE_OBJC_WEAK = YES;
				CLANG_WARN_BLOCK_CAPTURE_AUTORELEASING = YES;
				CLANG_WARN_BOOL_CONVERSION = YES;
				CLANG_WARN_COMMA = YES;
				CLANG_WARN_CONSTANT_CONVERSION = YES;
				CLANG_WARN_DEPRECATED_OBJC_IMPLEMENTATIONS = YES;
				CLANG_WARN_DIRECT_OBJC_ISA_USAGE = YES_ERROR;
				CLANG_WARN_DOCUMENTATION_COMMENTS = YES;
				CLANG_WARN_EMPTY_BODY = YES;
				CLANG_WARN_ENUM_CONVERSION = YES;
				CLANG_WARN_INFINITE_RECURSION = YES;
				CLANG_WARN_INT_CONVERSION = YES;
				CLANG_WARN_NON_LITERAL_NULL_CONVERSION = YES;
				CLANG_WARN_OBJC_IMPLICIT_RETAIN_SELF = YES;
				CLANG_WARN_OBJC_LITERAL_CONVERSION = YES;
				CLANG_WARN_OBJC_ROOT_CLASS = YES_ERROR;
				CLANG_WARN_QUOTED_INCLUDE_IN_FRAMEWORK_HEADER = YES;
				CLANG_WARN_RANGE_LOOP_ANALYSIS = YES;
				CLANG_WARN_STRICT_PROTOTYPES = YES;
				CLANG_WARN_SUSPICIOUS_MOVE = YES;
				CLANG_WARN_UNGUARDED_AVAILABILITY = YES_AGGRESSIVE;
				CLANG_WARN_UNREACHABLE_CODE = YES;
				CLANG_WARN__DUPLICATE_METHOD_MATCH = YES;
				COPY_PHASE_STRIP = NO;
				DEBUG_INFORMATION_FORMAT = "dwarf-with-dsym";
				ENABLE_NS_ASSERTIONS = NO;
				ENABLE_STRICT_OBJC_MSGSEND = YES;
				GCC_C_LANGUAGE_STANDARD = gnu11;
				GCC_NO_COMMON_BLOCKS = YES;
				GCC_WARN_64_TO_32_BIT_CONVERSION = YES;
				GCC_WARN_ABOUT_RETURN_TYPE = YES_ERROR;
				GCC_WARN_UNDECLARED_SELECTOR = YES;
				GCC_WARN_UNINITIALIZED_AUTOS = YES_AGGRESSIVE;
				GCC_WARN_UNUSED_FUNCTION = YES;
				GCC_WARN_UNUSED_VARIABLE = YES;
				IPHONEOS_DEPLOYMENT_TARGET = 14.4;
				MTL_ENABLE_DEBUG_INFO = NO;
				MTL_FAST_MATH = YES;
				SDKROOT = iphoneos;
				SWIFT_COMPILATION_MODE = wholemodule;
				SWIFT_OPTIMIZATION_LEVEL = "-O";
				VALIDATE_PRODUCT = YES;
			};
			name = Release;
		};
		63396757289037D1000B739F /* Debug */ = {
			isa = XCBuildConfiguration;
			buildSettings = {
				ASSETCATALOG_COMPILER_APPICON_NAME = AppIcon;
				ASSETCATALOG_COMPILER_GLOBAL_ACCENT_COLOR_NAME = AccentColor;
				CODE_SIGN_STYLE = Automatic;
				DEVELOPMENT_ASSET_PATHS = "\"app-one/Preview Content\"";
				DEVELOPMENT_TEAM = 27YMJMJ5WT;
				ENABLE_PREVIEWS = YES;
				INFOPLIST_FILE = "app-one/Info.plist";
				IPHONEOS_DEPLOYMENT_TARGET = 14.0;
				LD_RUNPATH_SEARCH_PATHS = (
					"$(inherited)",
					"@executable_path/Frameworks",
				);
				PRODUCT_BUNDLE_IDENTIFIER = "com.anbahe.app-one";
				PRODUCT_NAME = "$(TARGET_NAME)";
				SWIFT_VERSION = 5.0;
				TARGETED_DEVICE_FAMILY = "1,2";
			};
			name = Debug;
		};
		63396758289037D1000B739F /* Release */ = {
			isa = XCBuildConfiguration;
			buildSettings = {
				ASSETCATALOG_COMPILER_APPICON_NAME = AppIcon;
				ASSETCATALOG_COMPILER_GLOBAL_ACCENT_COLOR_NAME = AccentColor;
				CODE_SIGN_STYLE = Automatic;
				DEVELOPMENT_ASSET_PATHS = "\"app-one/Preview Content\"";
				DEVELOPMENT_TEAM = 27YMJMJ5WT;
				ENABLE_PREVIEWS = YES;
				INFOPLIST_FILE = "app-one/Info.plist";
				IPHONEOS_DEPLOYMENT_TARGET = 14.0;
				LD_RUNPATH_SEARCH_PATHS = (
					"$(inherited)",
					"@executable_path/Frameworks",
				);
				PRODUCT_BUNDLE_IDENTIFIER = "com.anbahe.app-one";
				PRODUCT_NAME = "$(TARGET_NAME)";
				SWIFT_VERSION = 5.0;
				TARGETED_DEVICE_FAMILY = "1,2";
			};
			name = Release;
		};
/* End XCBuildConfiguration section */

/* Begin XCConfigurationList section */
		63396742289037CF000B739F /* Build configuration list for PBXProject "app-one" */ = {
			isa = XCConfigurationList;
			buildConfigurations = (
				63396754289037D1000B739F /* Debug */,
				63396755289037D1000B739F /* Release */,
			);
			defaultConfigurationIsVisible = 0;
			defaultConfigurationName = Release;
		};
		63396756289037D1000B739F /* Build configuration list for PBXNativeTarget "app-one" */ = {
			isa = XCConfigurationList;
			buildConfigurations = (
				63396757289037D1000B739F /* Debug */,
				63396758289037D1000B739F /* Release */,
			);
			defaultConfigurationIsVisible = 0;
			defaultConfigurationName = Release;
		};
/* End XCConfigurationList section */
	};
	rootObject = 6339673F289037CF000B739F /* Project object */;
}
